
Microsoft Visual Studio Solution File, Format Version 12.00
# Visual Studio 15
Project("{FAE04EC0-301F-11D3-BF4B-00C04F79EFBC}") = "Assembly-CSharp", "Assembly-CSharp.csproj", "{8AEDD31C-A448-DF0E-30E6-9E276426C096}"
EndProject
Project("{FAE04EC0-301F-11D3-BF4B-00C04F79EFBC}") = "Assembly-CSharp-Editor", "Assembly-CSharp-Editor.csproj", "{542CDB22-8B4F-F603-85A3-264F5022A5CC}"
EndProject
Global
	GlobalSection(SolutionConfigurationPlatforms) = preSolution
		Debug|Any CPU = Debug|Any CPU
		Release|Any CPU = Release|Any CPU
	EndGlobalSection
	GlobalSection(ProjectConfigurationPlatforms) = postSolution
		{8AEDD31C-A448-DF0E-30E6-9E276426C096}.Debug|Any CPU.ActiveCfg = Debug|Any CPU
		{8AEDD31C-A448-DF0E-30E6-9E276426C096}.Debug|Any CPU.Build.0 = Debug|Any CPU
		{8AEDD31C-A448-DF0E-30E6-9E276426C096}.Release|Any CPU.ActiveCfg = Release|Any CPU
		{8AEDD31C-A448-DF0E-30E6-9E276426C096}.Release|Any CPU.Build.0 = Release|Any CPU
		{542CDB22-8B4F-F603-85A3-264F5022A5CC}.Debug|Any CPU.ActiveCfg = Debug|Any CPU
		{542CDB22-8B4F-F603-85A3-264F5022A5CC}.Debug|Any CPU.Build.0 = Debug|Any CPU
		{542CDB22-8B4F-F603-85A3-264F5022A5CC}.Release|Any CPU.ActiveCfg = Release|Any CPU
		{542CDB22-8B4F-F603-85A3-264F5022A5CC}.Release|Any CPU.Build.0 = Release|Any CPU
	EndGlobalSection
	GlobalSection(SolutionProperties) = preSolution
		HideSolutionNode = FALSE
	EndGlobalSection
EndGlobal
